
Microsoft Visual Studio Solution File, Format Version 12.00
# Visual Studio Version 17
VisualStudioVersion = 17.4.33122.133
MinimumVisualStudioVersion = 10.0.40219.1
Project("{9A19103F-16F7-4668-BE54-9A1E7A4F7556}") = "AnimeRS.Web", "AnimeRS\AnimeRS.Web.csproj", "{0D4F494C-49F5-4401-878E-64CFA390F77D}"
EndProject
Project("{9A19103F-16F7-4668-BE54-9A1E7A4F7556}") = "AnimeRS.Core", "AnimeRS.Core\AnimeRS.Core.csproj", "{4DD34CE6-4F71-43F0-8151-34CBD35E2A21}"
EndProject
Project("{9A19103F-16F7-4668-BE54-9A1E7A4F7556}") = "AnimeRS.Data", "AnimeRS.Data\AnimeRS.Data.csproj", "{B77D6F89-2626-484A-BCA1-8B5C5E56975D}"
EndProject
Project("{FAE04EC0-301F-11D3-BF4B-00C04F79EFBC}") = "UnitTesten", "UnitTesten\UnitTesten.csproj", "{4B36B9F5-CC78-4CE9-9AD8-6D9254E87EA2}"
EndProject
Global
	GlobalSection(SolutionConfigurationPlatforms) = preSolution
		Debug|Any CPU = Debug|Any CPU
		Release|Any CPU = Release|Any CPU
	EndGlobalSection
	GlobalSection(ProjectConfigurationPlatforms) = postSolution
		{0D4F494C-49F5-4401-878E-64CFA390F77D}.Debug|Any CPU.ActiveCfg = Debug|Any CPU
		{0D4F494C-49F5-4401-878E-64CFA390F77D}.Debug|Any CPU.Build.0 = Debug|Any CPU
		{0D4F494C-49F5-4401-878E-64CFA390F77D}.Release|Any CPU.ActiveCfg = Release|Any CPU
		{0D4F494C-49F5-4401-878E-64CFA390F77D}.Release|Any CPU.Build.0 = Release|Any CPU
		{4DD34CE6-4F71-43F0-8151-34CBD35E2A21}.Debug|Any CPU.ActiveCfg = Debug|Any CPU
		{4DD34CE6-4F71-43F0-8151-34CBD35E2A21}.Debug|Any CPU.Build.0 = Debug|Any CPU
		{4DD34CE6-4F71-43F0-8151-34CBD35E2A21}.Release|Any CPU.ActiveCfg = Release|Any CPU
		{4DD34CE6-4F71-43F0-8151-34CBD35E2A21}.Release|Any CPU.Build.0 = Release|Any CPU
		{B77D6F89-2626-484A-BCA1-8B5C5E56975D}.Debug|Any CPU.ActiveCfg = Debug|Any CPU
		{B77D6F89-2626-484A-BCA1-8B5C5E56975D}.Debug|Any CPU.Build.0 = Debug|Any CPU
		{B77D6F89-2626-484A-BCA1-8B5C5E56975D}.Release|Any CPU.ActiveCfg = Release|Any CPU
		{B77D6F89-2626-484A-BCA1-8B5C5E56975D}.Release|Any CPU.Build.0 = Release|Any CPU
		{4B36B9F5-CC78-4CE9-9AD8-6D9254E87EA2}.Debug|Any CPU.ActiveCfg = Debug|Any CPU
		{4B36B9F5-CC78-4CE9-9AD8-6D9254E87EA2}.Debug|Any CPU.Build.0 = Debug|Any CPU
		{4B36B9F5-CC78-4CE9-9AD8-6D9254E87EA2}.Release|Any CPU.ActiveCfg = Release|Any CPU
		{4B36B9F5-CC78-4CE9-9AD8-6D9254E87EA2}.Release|Any CPU.Build.0 = Release|Any CPU
	EndGlobalSection
	GlobalSection(SolutionProperties) = preSolution
		HideSolutionNode = FALSE
	EndGlobalSection
	GlobalSection(ExtensibilityGlobals) = postSolution
		SolutionGuid = {6E3EBD63-777E-4FF1-BC67-E3230A9936F7}
	EndGlobalSection
EndGlobal
